
Microsoft Visual Studio Solution File, Format Version 12.00
# Visual Studio Version 16
VisualStudioVersion = 16.0.30907.101
MinimumVisualStudioVersion = 10.0.40219.1
Project("{9A19103F-16F7-4668-BE54-9A1E7A4F7556}") = "Academy.Web", "Academy.Web\Academy.Web.csproj", "{B017B6F7-D6AC-4F70-B000-D57DC4F700D9}"
EndProject
Project("{9A19103F-16F7-4668-BE54-9A1E7A4F7556}") = "Academy.DataLayer", "Academy.DataLayer\Academy.DataLayer.csproj", "{C8D1E384-13B3-458B-AFD0-0FBB90796556}"
EndProject
Project("{9A19103F-16F7-4668-BE54-9A1E7A4F7556}") = "Academy.Core", "Academy.Core\Academy.Core.csproj", "{21FDFBD0-C4C4-4223-99F0-AB3F47B5EAAF}"
EndProject
Global
	GlobalSection(SolutionConfigurationPlatforms) = preSolution
		Debug|Any CPU = Debug|Any CPU
		Release|Any CPU = Release|Any CPU
	EndGlobalSection
	GlobalSection(ProjectConfigurationPlatforms) = postSolution
		{B017B6F7-D6AC-4F70-B000-D57DC4F700D9}.Debug|Any CPU.ActiveCfg = Debug|Any CPU
		{B017B6F7-D6AC-4F70-B000-D57DC4F700D9}.Debug|Any CPU.Build.0 = Debug|Any CPU
		{B017B6F7-D6AC-4F70-B000-D57DC4F700D9}.Release|Any CPU.ActiveCfg = Release|Any CPU
		{B017B6F7-D6AC-4F70-B000-D57DC4F700D9}.Release|Any CPU.Build.0 = Release|Any CPU
		{C8D1E384-13B3-458B-AFD0-0FBB90796556}.Debug|Any CPU.ActiveCfg = Debug|Any CPU
		{C8D1E384-13B3-458B-AFD0-0FBB90796556}.Debug|Any CPU.Build.0 = Debug|Any CPU
		{C8D1E384-13B3-458B-AFD0-0FBB90796556}.Release|Any CPU.ActiveCfg = Release|Any CPU
		{C8D1E384-13B3-458B-AFD0-0FBB90796556}.Release|Any CPU.Build.0 = Release|Any CPU
		{21FDFBD0-C4C4-4223-99F0-AB3F47B5EAAF}.Debug|Any CPU.ActiveCfg = Debug|Any CPU
		{21FDFBD0-C4C4-4223-99F0-AB3F47B5EAAF}.Debug|Any CPU.Build.0 = Debug|Any CPU
		{21FDFBD0-C4C4-4223-99F0-AB3F47B5EAAF}.Release|Any CPU.ActiveCfg = Release|Any CPU
		{21FDFBD0-C4C4-4223-99F0-AB3F47B5EAAF}.Release|Any CPU.Build.0 = Release|Any CPU
	EndGlobalSection
	GlobalSection(SolutionProperties) = preSolution
		HideSolutionNode = FALSE
	EndGlobalSection
	GlobalSection(ExtensibilityGlobals) = postSolution
		SolutionGuid = {3DE0EE99-B968-4486-95BE-7546899C299F}
	EndGlobalSection
EndGlobal
